// !$*UTF8*$!
{
	archiveVersion = 1;
	classes = {
	};
	objectVersion = 50;
	objects = {

/* Begin PBXBuildFile section */
		AD5D411F23169C0C00C97F9E /* AppDelegate.swift in Sources */ = {isa = PBXBuildFile; fileRef = AD5D411E23169C0C00C97F9E /* AppDelegate.swift */; };
		AD5D412123169C0D00C97F9E /* ViewController.swift in Sources */ = {isa = PBXBuildFile; fileRef = AD5D412023169C0D00C97F9E /* ViewController.swift */; };
		AD5D412423169C0D00C97F9E /* Main.storyboard in Resources */ = {isa = PBXBuildFile; fileRef = AD5D412223169C0D00C97F9E /* Main.storyboard */; };
		AD5D412623169C1400C97F9E /* Assets.xcassets in Resources */ = {isa = PBXBuildFile; fileRef = AD5D412523169C1400C97F9E /* Assets.xcassets */; };
		AD5D412923169C1400C97F9E /* LaunchScreen.storyboard in Resources */ = {isa = PBXBuildFile; fileRef = AD5D412723169C1400C97F9E /* LaunchScreen.storyboard */; };
		AD5D41312316A25000C97F9E /* MercedesProtocol.swift in Sources */ = {isa = PBXBuildFile; fileRef = AD5D41302316A25000C97F9E /* MercedesProtocol.swift */; };
		AD5D41332316A99D00C97F9E /* MercedesCClass.swift in Sources */ = {isa = PBXBuildFile; fileRef = AD5D41322316A99D00C97F9E /* MercedesCClass.swift */; };
		AD5D41372316AA9600C97F9E /* MercedesDecorator.swift in Sources */ = {isa = PBXBuildFile; fileRef = AD5D41362316AA9600C97F9E /* MercedesDecorator.swift */; };
		AD5D41392316AC9700C97F9E /* PanframeRoof.swift in Sources */ = {isa = PBXBuildFile; fileRef = AD5D41382316AC9700C97F9E /* PanframeRoof.swift */; };
		AD5D413B2316ADC800C97F9E /* AlloyWheels.swift in Sources */ = {isa = PBXBuildFile; fileRef = AD5D413A2316ADC800C97F9E /* AlloyWheels.swift */; };
/* End PBXBuildFile section */

/* Begin PBXFileReference section */
		AD5D411B23169C0C00C97F9E /* PatternDecorator.app */ = {isa = PBXFileReference; explicitFileType = wrapper.application; includeInIndex = 0; path = PatternDecorator.app; sourceTree = BUILT_PRODUCTS_DIR; };
		AD5D411E23169C0C00C97F9E /* AppDelegate.swift */ = {isa = PBXFileReference; lastKnownFileType = sourcecode.swift; path = AppDelegate.swift; sourceTree = "<group>"; };
		AD5D412023169C0D00C97F9E /* ViewController.swift */ = {isa = PBXFileReference; lastKnownFileType = sourcecode.swift; path = ViewController.swift; sourceTree = "<group>"; };
		AD5D412323169C0D00C97F9E /* Base */ = {isa = PBXFileReference; lastKnownFileType = file.storyboard; name = Base; path = Base.lproj/Main.storyboard; sourceTree = "<group>"; };
		AD5D412523169C1400C97F9E /* Assets.xcassets */ = {isa = PBXFileReference; lastKnownFileType = folder.assetcatalog; path = Assets.xcassets; sourceTree = "<group>"; };
		AD5D412823169C1400C97F9E /* Base */ = {isa = PBXFileReference; lastKnownFileType = file.storyboard; name = Base; path = Base.lproj/LaunchScreen.storyboard; sourceTree = "<group>"; };
		AD5D412A23169C1400C97F9E /* Info.plist */ = {isa = PBXFileReference; lastKnownFileType = text.plist.xml; path = Info.plist; sourceTree = "<group>"; };
		AD5D41302316A25000C97F9E /* MercedesProtocol.swift */ = {isa = PBXFileReference; lastKnownFileType = sourcecode.swift; path = MercedesProtocol.swift; sourceTree = "<group>"; };
		AD5D41322316A99D00C97F9E /* MercedesCClass.swift */ = {isa = PBXFileReference; lastKnownFileType = sourcecode.swift; path = MercedesCClass.swift; sourceTree = "<group>"; };
		AD5D41362316AA9600C97F9E /* MercedesDecorator.swift */ = {isa = PBXFileReference; lastKnownFileType = sourcecode.swift; path = MercedesDecorator.swift; sourceTree = "<group>"; };
		AD5D41382316AC9700C97F9E /* PanframeRoof.swift */ = {isa = PBXFileReference; lastKnownFileType = sourcecode.swift; path = PanframeRoof.swift; sourceTree = "<group>"; };
		AD5D413A2316ADC800C97F9E /* AlloyWheels.swift */ = {isa = PBXFileReference; lastKnownFileType = sourcecode.swift; path = AlloyWheels.swift; sourceTree = "<group>"; };
/* End PBXFileReference section */

/* Begin PBXFrameworksBuildPhase section */
		AD5D411823169C0C00C97F9E /* Frameworks */ = {
			isa = PBXFrameworksBuildPhase;
			buildActionMask = 2147483647;
			files = (
			);
			runOnlyForDeploymentPostprocessing = 0;
		};
/* End PBXFrameworksBuildPhase section */

/* Begin PBXGroup section */
		AD5D411223169C0C00C97F9E = {
			isa = PBXGroup;
			children = (
				AD5D411D23169C0C00C97F9E /* PatternDecorator */,
				AD5D411C23169C0C00C97F9E /* Products */,
			);
			sourceTree = "<group>";
		};
		AD5D411C23169C0C00C97F9E /* Products */ = {
			isa = PBXGroup;
			children = (
				AD5D411B23169C0C00C97F9E /* PatternDecorator.app */,
			);
			name = Products;
			sourceTree = "<group>";
		};
		AD5D411D23169C0C00C97F9E /* PatternDecorator */ = {
			isa = PBXGroup;
			children = (
				AD5D411E23169C0C00C97F9E /* AppDelegate.swift */,
				AD5D41352316AA8500C97F9E /* Car */,
				AD5D41342316AA7D00C97F9E /* Decorator */,
				AD5D412023169C0D00C97F9E /* ViewController.swift */,
				AD5D412223169C0D00C97F9E /* Main.storyboard */,
				AD5D412523169C1400C97F9E /* Assets.xcassets */,
				AD5D412723169C1400C97F9E /* LaunchScreen.storyboard */,
				AD5D412A23169C1400C97F9E /* Info.plist */,
			);
			path = PatternDecorator;
			sourceTree = "<group>";
		};
		AD5D41342316AA7D00C97F9E /* Decorator */ = {
			isa = PBXGroup;
			children = (
				AD5D41362316AA9600C97F9E /* MercedesDecorator.swift */,
				AD5D41382316AC9700C97F9E /* PanframeRoof.swift */,
				AD5D413A2316ADC800C97F9E /* AlloyWheels.swift */,
			);
			path = Decorator;
			sourceTree = "<group>";
		};
		AD5D41352316AA8500C97F9E /* Car */ = {
			isa = PBXGroup;
			children = (
				AD5D41302316A25000C97F9E /* MercedesProtocol.swift */,
				AD5D41322316A99D00C97F9E /* MercedesCClass.swift */,
			);
			path = Car;
			sourceTree = "<group>";
		};
/* End PBXGroup section */

/* Begin PBXNativeTarget section */
		AD5D411A23169C0C00C97F9E /* PatternDecorator */ = {
			isa = PBXNativeTarget;
			buildConfigurationList = AD5D412D23169C1400C97F9E /* Build configuration list for PBXNativeTarget "PatternDecorator" */;
			buildPhases = (
				AD5D411723169C0C00C97F9E /* Sources */,
				AD5D411823169C0C00C97F9E /* Frameworks */,
				AD5D411923169C0C00C97F9E /* Resources */,
			);
			buildRules = (
			);
			dependencies = (
			);
			name = PatternDecorator;
			productName = PatternDecorator;
			productReference = AD5D411B23169C0C00C97F9E /* PatternDecorator.app */;
			productType = "com.apple.product-type.application";
		};
/* End PBXNativeTarget section */

/* Begin PBXProject section */
		AD5D411323169C0C00C97F9E /* Project object */ = {
			isa = PBXProject;
			attributes = {
				LastSwiftUpdateCheck = 1010;
				LastUpgradeCheck = 1010;
				ORGANIZATIONNAME = Kaiserdem;
				TargetAttributes = {
					AD5D411A23169C0C00C97F9E = {
						CreatedOnToolsVersion = 10.1;
					};
				};
			};
			buildConfigurationList = AD5D411623169C0C00C97F9E /* Build configuration list for PBXProject "PatternDecorator" */;
			compatibilityVersion = "Xcode 9.3";
			developmentRegion = en;
			hasScannedForEncodings = 0;
			knownRegions = (
				en,
				Base,
			);
			mainGroup = AD5D411223169C0C00C97F9E;
			productRefGroup = AD5D411C23169C0C00C97F9E /* Products */;
			projectDirPath = "";
			projectRoot = "";
			targets = (
				AD5D411A23169C0C00C97F9E /* PatternDecorator */,
			);
		};
/* End PBXProject section */

/* Begin PBXResourcesBuildPhase section */
		AD5D411923169C0C00C97F9E /* Resources */ = {
			isa = PBXResourcesBuildPhase;
			buildActionMask = 2147483647;
			files = (
				AD5D412923169C1400C97F9E /* LaunchScreen.storyboard in Resources */,
				AD5D412623169C1400C97F9E /* Assets.xcassets in Resources */,
				AD5D412423169C0D00C97F9E /* Main.storyboard in Resources */,
			);
			runOnlyForDeploymentPostprocessing = 0;
		};
/* End PBXResourcesBuildPhase section */

/* Begin PBXSourcesBuildPhase section */
		AD5D411723169C0C00C97F9E /* Sources */ = {
			isa = PBXSourcesBuildPhase;
			buildActionMask = 2147483647;
			files = (
				AD5D41372316AA9600C97F9E /* MercedesDecorator.swift in Sources */,
				AD5D41332316A99D00C97F9E /* MercedesCClass.swift in Sources */,
				AD5D412123169C0D00C97F9E /* ViewController.swift in Sources */,
				AD5D41392316AC9700C97F9E /* PanframeRoof.swift in Sources */,
				AD5D41312316A25000C97F9E /* MercedesProtocol.swift in Sources */,
				AD5D413B2316ADC800C97F9E /* AlloyWheels.swift in Sources */,
				AD5D411F23169C0C00C97F9E /* AppDelegate.swift in Sources */,
			);
			runOnlyForDeploymentPostprocessing = 0;
		};
/* End PBXSourcesBuildPhase section */

/* Begin PBXVariantGroup section */
		AD5D412223169C0D00C97F9E /* Main.storyboard */ = {
			isa = PBXVariantGroup;
			children = (
				AD5D412323169C0D00C97F9E /* Base */,
			);
			name = Main.storyboard;
			sourceTree = "<group>";
		};
		AD5D412723169C1400C97F9E /* LaunchScreen.storyboard */ = {
			isa = PBXVariantGroup;
			children = (
				AD5D412823169C1400C97F9E /* Base */,
			);
			name = LaunchScreen.storyboard;
			sourceTree = "<group>";
		};
/* End PBXVariantGroup section */

/* Begin XCBuildConfiguration section */
		AD5D412B23169C1400C97F9E /* Debug */ = {
			isa = XCBuildConfiguration;
			buildSettings = {
				ALWAYS_SEARCH_USER_PATHS = NO;
				CLANG_ANALYZER_NONNULL = YES;
				CLANG_ANALYZER_NUMBER_OBJECT_CONVERSION = YES_AGGRESSIVE;
				CLANG_CXX_LANGUAGE_STANDARD = "gnu++14";
				CLANG_CXX_LIBRARY = "libc++";
				CLANG_ENABLE_MODULES = YES;
				CLANG_ENABLE_OBJC_ARC = YES;
				CLANG_ENABLE_OBJC_WEAK = YES;
				CLANG_WARN_BLOCK_CAPTURE_AUTORELEASING = YES;
				CLANG_WARN_BOOL_CONVERSION = YES;
				CLANG_WARN_COMMA = YES;
				CLANG_WARN_CONSTANT_CONVERSION = YES;
				CLANG_WARN_DEPRECATED_OBJC_IMPLEMENTATIONS = YES;
				CLANG_WARN_DIRECT_OBJC_ISA_USAGE = YES_ERROR;
				CLANG_WARN_DOCUMENTATION_COMMENTS = YES;
				CLANG_WARN_EMPTY_BODY = YES;
				CLANG_WARN_ENUM_CONVERSION = YES;
				CLANG_WARN_INFINITE_RECURSION = YES;
				CLANG_WARN_INT_CONVERSION = YES;
				CLANG_WARN_NON_LITERAL_NULL_CONVERSION = YES;
				CLANG_WARN_OBJC_IMPLICIT_RETAIN_SELF = YES;
				CLANG_WARN_OBJC_LITERAL_CONVERSION = YES;
				CLANG_WARN_OBJC_ROOT_CLASS = YES_ERROR;
				CLANG_WARN_RANGE_LOOP_ANALYSIS = YES;
				CLANG_WARN_STRICT_PROTOTYPES = YES;
				CLANG_WARN_SUSPICIOUS_MOVE = YES;
				CLANG_WARN_UNGUARDED_AVAILABILITY = YES_AGGRESSIVE;
				CLANG_WARN_UNREACHABLE_CODE = YES;
				CLANG_WARN__DUPLICATE_METHOD_MATCH = YES;
				CODE_SIGN_IDENTITY = "iPhone Developer";
				COPY_PHASE_STRIP = NO;
				DEBUG_INFORMATION_FORMAT = dwarf;
				ENABLE_STRICT_OBJC_MSGSEND = YES;
				ENABLE_TESTABILITY = YES;
				GCC_C_LANGUAGE_STANDARD = gnu11;
				GCC_DYNAMIC_NO_PIC = NO;
				GCC_NO_COMMON_BLOCKS = YES;
				GCC_OPTIMIZATION_LEVEL = 0;
				GCC_PREPROCESSOR_DEFINITIONS = (
					"DEBUG=1",
					"$(inherited)",
				);
				GCC_WARN_64_TO_32_BIT_CONVERSION = YES;
				GCC_WARN_ABOUT_RETURN_TYPE = YES_ERROR;
				GCC_WARN_UNDECLARED_SELECTOR = YES;
				GCC_WARN_UNINITIALIZED_AUTOS = YES_AGGRESSIVE;
				GCC_WARN_UNUSED_FUNCTION = YES;
				GCC_WARN_UNUSED_VARIABLE = YES;
				IPHONEOS_DEPLOYMENT_TARGET = 12.1;
				MTL_ENABLE_DEBUG_INFO = INCLUDE_SOURCE;
				MTL_FAST_MATH = YES;
				ONLY_ACTIVE_ARCH = YES;
				SDKROOT = iphoneos;
				SWIFT_ACTIVE_COMPILATION_CONDITIONS = DEBUG;
				SWIFT_OPTIMIZATION_LEVEL = "-Onone";
			};
			name = Debug;
		};
		AD5D412C23169C1400C97F9E /* Release */ = {
			isa = XCBuildConfiguration;
			buildSettings = {
				ALWAYS_SEARCH_USER_PATHS = NO;
				CLANG_ANALYZER_NONNULL = YES;
				CLANG_ANALYZER_NUMBER_OBJECT_CONVERSION = YES_AGGRESSIVE;
				CLANG_CXX_LANGUAGE_STANDARD = "gnu++14";
				CLANG_CXX_LIBRARY = "libc++";
				CLANG_ENABLE_MODULES = YES;
				CLANG_ENABLE_OBJC_ARC = YES;
				CLANG_ENABLE_OBJC_WEAK = YES;
				CLANG_WARN_BLOCK_CAPTURE_AUTORELEASING = YES;
				CLANG_WARN_BOOL_CONVERSION = YES;
				CLANG_WARN_COMMA = YES;
				CLANG_WARN_CONSTANT_CONVERSION = YES;
				CLANG_WARN_DEPRECATED_OBJC_IMPLEMENTATIONS = YES;
				CLANG_WARN_DIRECT_OBJC_ISA_USAGE = YES_ERROR;
				CLANG_WARN_DOCUMENTATION_COMMENTS = YES;
				CLANG_WARN_EMPTY_BODY = YES;
				CLANG_WARN_ENUM_CONVERSION = YES;
				CLANG_WARN_INFINITE_RECURSION = YES;
				CLANG_WARN_INT_CONVERSION = YES;
				CLANG_WARN_NON_LITERAL_NULL_CONVERSION = YES;
				CLANG_WARN_OBJC_IMPLICIT_RETAIN_SELF = YES;
				CLANG_WARN_OBJC_LITERAL_CONVERSION = YES;
				CLANG_WARN_OBJC_ROOT_CLASS = YES_ERROR;
				CLANG_WARN_RANGE_LOOP_ANALYSIS = YES;
				CLANG_WARN_STRICT_PROTOTYPES = YES;
				CLANG_WARN_SUSPICIOUS_MOVE = YES;
				CLANG_WARN_UNGUARDED_AVAILABILITY = YES_AGGRESSIVE;
				CLANG_WARN_UNREACHABLE_CODE = YES;
				CLANG_WARN__DUPLICATE_METHOD_MATCH = YES;
				CODE_SIGN_IDENTITY = "iPhone Developer";
				COPY_PHASE_STRIP = NO;
				DEBUG_INFORMATION_FORMAT = "dwarf-with-dsym";
				ENABLE_NS_ASSERTIONS = NO;
				ENABLE_STRICT_OBJC_MSGSEND = YES;
				GCC_C_LANGUAGE_STANDARD = gnu11;
				GCC_NO_COMMON_BLOCKS = YES;
				GCC_WARN_64_TO_32_BIT_CONVERSION = YES;
				GCC_WARN_ABOUT_RETURN_TYPE = YES_ERROR;
				GCC_WARN_UNDECLARED_SELECTOR = YES;
				GCC_WARN_UNINITIALIZED_AUTOS = YES_AGGRESSIVE;
				GCC_WARN_UNUSED_FUNCTION = YES;
				GCC_WARN_UNUSED_VARIABLE = YES;
				IPHONEOS_DEPLOYMENT_TARGET = 12.1;
				MTL_ENABLE_DEBUG_INFO = NO;
				MTL_FAST_MATH = YES;
				SDKROOT = iphoneos;
				SWIFT_COMPILATION_MODE = wholemodule;
				SWIFT_OPTIMIZATION_LEVEL = "-O";
				VALIDATE_PRODUCT = YES;
			};
			name = Release;
		};
		AD5D412E23169C1400C97F9E /* Debug */ = {
			isa = XCBuildConfiguration;
			buildSettings = {
				ASSETCATALOG_COMPILER_APPICON_NAME = AppIcon;
				CODE_SIGN_STYLE = Automatic;
				DEVELOPMENT_TEAM = Q2TWT4N9WP;
				INFOPLIST_FILE = PatternDecorator/Info.plist;
				LD_RUNPATH_SEARCH_PATHS = (
					"$(inherited)",
					"@executable_path/Frameworks",
				);
				PRODUCT_BUNDLE_IDENTIFIER = kaiserdem.WeatherClient;
				PRODUCT_NAME = "$(TARGET_NAME)";
				SWIFT_VERSION = 4.2;
				TARGETED_DEVICE_FAMILY = "1,2";
			};
			name = Debug;
		};
		AD5D412F23169C1400C97F9E /* Release */ = {
			isa = XCBuildConfiguration;
			buildSettings = {
				ASSETCATALOG_COMPILER_APPICON_NAME = AppIcon;
				CODE_SIGN_STYLE = Automatic;
				DEVELOPMENT_TEAM = Q2TWT4N9WP;
				INFOPLIST_FILE = PatternDecorator/Info.plist;
				LD_RUNPATH_SEARCH_PATHS = (
					"$(inherited)",
					"@executable_path/Frameworks",
				);
				PRODUCT_BUNDLE_IDENTIFIER = kaiserdem.WeatherClient;
				PRODUCT_NAME = "$(TARGET_NAME)";
				SWIFT_VERSION = 4.2;
				TARGETED_DEVICE_FAMILY = "1,2";
			};
			name = Release;
		};
/* End XCBuildConfiguration section */

/* Begin XCConfigurationList section */
		AD5D411623169C0C00C97F9E /* Build configuration list for PBXProject "PatternDecorator" */ = {
			isa = XCConfigurationList;
			buildConfigurations = (
				AD5D412B23169C1400C97F9E /* Debug */,
				AD5D412C23169C1400C97F9E /* Release */,
			);
			defaultConfigurationIsVisible = 0;
			defaultConfigurationName = Release;
		};
		AD5D412D23169C1400C97F9E /* Build configuration list for PBXNativeTarget "PatternDecorator" */ = {
			isa = XCConfigurationList;
			buildConfigurations = (
				AD5D412E23169C1400C97F9E /* Debug */,
				AD5D412F23169C1400C97F9E /* Release */,
			);
			defaultConfigurationIsVisible = 0;
			defaultConfigurationName = Release;
		};
/* End XCConfigurationList section */
	};
	rootObject = AD5D411323169C0C00C97F9E /* Project object */;
}
